
Microsoft Visual Studio Solution File, Format Version 12.00
# Visual Studio Version 17
VisualStudioVersion = 17.0.31903.59
MinimumVisualStudioVersion = 10.0.40219.1
Project("{FAE04EC0-301F-11D3-BF4B-00C04F79EFBC}") = "SkinManagerMod", "SkinManagerMod\SkinManagerMod.csproj", "{118A9D78-E5F6-4803-A1C1-7D882E526EA1}"
EndProject
Project("{D954291E-2A0B-460D-934E-DC6B0785DB48}") = "SMShared", "SMShared\SMShared.shproj", "{F951746D-CB16-45EE-80A7-01E07AC461BE}"
EndProject
Project("{FAE04EC0-301F-11D3-BF4B-00C04F79EFBC}") = "SkinManagerMod.CCL", "SkinManagerMod.CCL\SkinManagerMod.CCL.csproj", "{8BA59C86-9836-49BD-91C1-6031C9E7AB9F}"
EndProject
Global
	GlobalSection(SolutionConfigurationPlatforms) = preSolution
		Debug|Any CPU = Debug|Any CPU
		Release|Any CPU = Release|Any CPU
	EndGlobalSection
	GlobalSection(SolutionProperties) = preSolution
		HideSolutionNode = FALSE
	EndGlobalSection
	GlobalSection(ProjectConfigurationPlatforms) = postSolution
		{118A9D78-E5F6-4803-A1C1-7D882E526EA1}.Debug|Any CPU.ActiveCfg = Debug|Any CPU
		{118A9D78-E5F6-4803-A1C1-7D882E526EA1}.Debug|Any CPU.Build.0 = Debug|Any CPU
		{118A9D78-E5F6-4803-A1C1-7D882E526EA1}.Release|Any CPU.ActiveCfg = Release|Any CPU
		{118A9D78-E5F6-4803-A1C1-7D882E526EA1}.Release|Any CPU.Build.0 = Release|Any CPU
		{8BA59C86-9836-49BD-91C1-6031C9E7AB9F}.Debug|Any CPU.ActiveCfg = Debug|Any CPU
		{8BA59C86-9836-49BD-91C1-6031C9E7AB9F}.Debug|Any CPU.Build.0 = Debug|Any CPU
		{8BA59C86-9836-49BD-91C1-6031C9E7AB9F}.Release|Any CPU.ActiveCfg = Release|Any CPU
		{8BA59C86-9836-49BD-91C1-6031C9E7AB9F}.Release|Any CPU.Build.0 = Release|Any CPU
	EndGlobalSection
	GlobalSection(SolutionProperties) = preSolution
		HideSolutionNode = FALSE
	EndGlobalSection
	GlobalSection(SharedMSBuildProjectFiles) = preSolution
		SMShared\SMShared.projitems*{3c5dfee2-5da9-4674-96d8-c1503efca3c0}*SharedItemsImports = 5
		SMShared\SMShared.projitems*{bbdceb20-83d5-4fc8-88f9-0e08df1b1dde}*SharedItemsImports = 5
		SMShared\SMShared.projitems*{f951746d-cb16-45ee-80a7-01e07ac461be}*SharedItemsImports = 13
	EndGlobalSection
EndGlobal
